
Microsoft Visual Studio Solution File, Format Version 12.00
# Visual Studio Version 16
VisualStudioVersion = 16.0.33027.164
MinimumVisualStudioVersion = 10.0.40219.1
Project("{FAE04EC0-301F-11D3-BF4B-00C04F79EFBC}") = "JokesWebApp", "JokesWebApp\JokesWebApp.csproj", "{FF493A0E-F465-4EE4-B146-034436BF3E55}"
EndProject
Global
	GlobalSection(SolutionConfigurationPlatforms) = preSolution
		Debug|Any CPU = Debug|Any CPU
		Release|Any CPU = Release|Any CPU
	EndGlobalSection
	GlobalSection(ProjectConfigurationPlatforms) = postSolution
		{FF493A0E-F465-4EE4-B146-034436BF3E55}.Debug|Any CPU.ActiveCfg = Debug|Any CPU
		{FF493A0E-F465-4EE4-B146-034436BF3E55}.Debug|Any CPU.Build.0 = Debug|Any CPU
		{FF493A0E-F465-4EE4-B146-034436BF3E55}.Release|Any CPU.ActiveCfg = Release|Any CPU
		{FF493A0E-F465-4EE4-B146-034436BF3E55}.Release|Any CPU.Build.0 = Release|Any CPU
	EndGlobalSection
	GlobalSection(SolutionProperties) = preSolution
		HideSolutionNode = FALSE
	EndGlobalSection
	GlobalSection(ExtensibilityGlobals) = postSolution
		SolutionGuid = {8772034B-C881-4B4B-A484-F6B788BD8366}
	EndGlobalSection
EndGlobal
